
Microsoft Visual Studio Solution File, Format Version 12.00
# Visual Studio Version 17
VisualStudioVersion = 17.3.32611.2
MinimumVisualStudioVersion = 10.0.40219.1
Project("{2150E333-8FDC-42A3-9474-1A3956D46DE8}") = "BCH", "BCH", "{DBC6FB35-5EB3-4057-A28A-AB55BB5A6DA5}"
EndProject
Project("{9A19103F-16F7-4668-BE54-9A1E7A4F7556}") = "BlazorComponentHeap.Core", "BCH\BlazorComponentHeap.Core\BlazorComponentHeap.Core.csproj", "{0E9A84BA-A555-4001-B6FA-0EDCD45A58E0}"
EndProject
Project("{2150E333-8FDC-42A3-9474-1A3956D46DE8}") = "Tests", "Tests", "{CB3A8810-9E19-4168-B5EA-5B45923158F1}"
EndProject
Project("{9A19103F-16F7-4668-BE54-9A1E7A4F7556}") = "BlazorComponentHeap.TestApp", "Tests\BlazorComponentHeap.TestApp\BlazorComponentHeap.TestApp.csproj", "{6EE9C205-44B0-41A0-9520-EAE4A6D4BB07}"
EndProject
Project("{9A19103F-16F7-4668-BE54-9A1E7A4F7556}") = "BlazorComponentHeap.TestAppServer", "Tests\BlazorComponentHeap.TestAppServer\BlazorComponentHeap.TestAppServer.csproj", "{3329D950-476D-4FD1-ABC3-4AE83DA178AD}"
EndProject
Project("{9A19103F-16F7-4668-BE54-9A1E7A4F7556}") = "BlazorComponentHeap.TestAppMAUI", "Tests\BlazorComponentHeap.TestAppMAUI\BlazorComponentHeap.TestAppMAUI.csproj", "{E7EEE3B8-D5DF-44F2-AF93-71CA4C189388}"
EndProject
Project("{2150E333-8FDC-42A3-9474-1A3956D46DE8}") = "Components", "Components", "{02EA681E-C7D8-13C7-8484-4AC65E1B71E8}"
EndProject
Project("{FAE04EC0-301F-11D3-BF4B-00C04F79EFBC}") = "BlazorComponentHeap.Modal", "BCH\Components\BlazorComponentHeap.Modal\BlazorComponentHeap.Modal.csproj", "{1E7AB6F0-C4FC-4FB3-9A0A-A7E98156EE6E}"
EndProject
Project("{FAE04EC0-301F-11D3-BF4B-00C04F79EFBC}") = "BlazorComponentHeap.Select", "BCH\Components\BlazorComponentHeap.Select\BlazorComponentHeap.Select.csproj", "{91F519E5-7394-4A76-8775-91584DB16F4E}"
EndProject
Project("{FAE04EC0-301F-11D3-BF4B-00C04F79EFBC}") = "BlazorComponentHeap.Calendar", "BCH\Components\BlazorComponentHeap.Calendar\BlazorComponentHeap.Calendar.csproj", "{206DFD80-2E65-4E6F-BC56-A27008AA3636}"
EndProject
Project("{FAE04EC0-301F-11D3-BF4B-00C04F79EFBC}") = "BlazorComponentHeap.Cropper", "BCH\Components\BlazorComponentHeap.Cropper\BlazorComponentHeap.Cropper.csproj", "{F9CABDFA-AFA9-43EE-A44C-AA6C280B031D}"
EndProject
Project("{FAE04EC0-301F-11D3-BF4B-00C04F79EFBC}") = "BlazorComponentHeap.DraggingModal", "BCH\Components\BlazorComponentHeap.DraggingModal\BlazorComponentHeap.DraggingModal.csproj", "{215BFDE4-3247-49D0-AFD7-928FBA5FD19C}"
EndProject
Project("{FAE04EC0-301F-11D3-BF4B-00C04F79EFBC}") = "BlazorComponentHeap.ExpandMenu", "BCH\Components\BlazorComponentHeap.ExpandMenu\BlazorComponentHeap.ExpandMenu.csproj", "{B9B23105-B9C2-4455-8BF8-BAF227C61812}"
EndProject
Project("{FAE04EC0-301F-11D3-BF4B-00C04F79EFBC}") = "BlazorComponentHeap.ImageCropper", "BCH\Components\BlazorComponentHeap.ImageCropper\BlazorComponentHeap.ImageCropper.csproj", "{C74B96E8-C963-428A-BC32-17CD35DA3380}"
EndProject
Project("{FAE04EC0-301F-11D3-BF4B-00C04F79EFBC}") = "BlazorComponentHeap.RadioButton", "BCH\Components\BlazorComponentHeap.RadioButton\BlazorComponentHeap.RadioButton.csproj", "{51006A9C-BC7D-4111-B77E-5D0BC42A52E8}"
EndProject
Project("{FAE04EC0-301F-11D3-BF4B-00C04F79EFBC}") = "BlazorComponentHeap.RangeCalendar", "BCH\Components\BlazorComponentHeap.RangeCalendar\BlazorComponentHeap.RangeCalendar.csproj", "{878FC912-AB9C-4C2A-B2AC-248E3909C30D}"
EndProject
Project("{FAE04EC0-301F-11D3-BF4B-00C04F79EFBC}") = "BlazorComponentHeap.Range", "BCH\Components\BlazorComponentHeap.Range\BlazorComponentHeap.Range.csproj", "{4474F67D-CE82-4714-84D8-314754C6E115}"
EndProject
Project("{FAE04EC0-301F-11D3-BF4B-00C04F79EFBC}") = "BlazorComponentHeap.Scheduler", "BCH\Components\BlazorComponentHeap.Scheduler\BlazorComponentHeap.Scheduler.csproj", "{EABD6B55-3881-431C-8855-49306943D940}"
EndProject
Project("{FAE04EC0-301F-11D3-BF4B-00C04F79EFBC}") = "BlazorComponentHeap.Slider", "BCH\Components\BlazorComponentHeap.Slider\BlazorComponentHeap.Slider.csproj", "{229ADD12-CC2D-427B-909E-AA863C20A966}"
EndProject
Project("{FAE04EC0-301F-11D3-BF4B-00C04F79EFBC}") = "BlazorComponentHeap.Table", "BCH\Components\BlazorComponentHeap.Table\BlazorComponentHeap.Table.csproj", "{2BFCC75A-54FB-447E-80E8-AFA0F6AFD2B3}"
EndProject
Project("{FAE04EC0-301F-11D3-BF4B-00C04F79EFBC}") = "BlazorComponentHeap.Tabs", "BCH\Components\BlazorComponentHeap.Tabs\BlazorComponentHeap.Tabs.csproj", "{8A7A4F0F-24F7-4712-940A-EE59C02217B6}"
EndProject
Project("{FAE04EC0-301F-11D3-BF4B-00C04F79EFBC}") = "BlazorComponentHeap.Toggle", "BCH\Components\BlazorComponentHeap.Toggle\BlazorComponentHeap.Toggle.csproj", "{D62EEB6C-772C-407E-BB71-1345CC37AC55}"
EndProject
Project("{FAE04EC0-301F-11D3-BF4B-00C04F79EFBC}") = "BlazorComponentHeap.Zoom", "BCH\Components\BlazorComponentHeap.Zoom\BlazorComponentHeap.Zoom.csproj", "{E9C5786E-C15D-CE1D-AD05-253189B5BBA4}"
EndProject
Global
	GlobalSection(SolutionConfigurationPlatforms) = preSolution
		Debug|Any CPU = Debug|Any CPU
		Release|Any CPU = Release|Any CPU
	EndGlobalSection
	GlobalSection(ProjectConfigurationPlatforms) = postSolution
		{0E9A84BA-A555-4001-B6FA-0EDCD45A58E0}.Debug|Any CPU.ActiveCfg = Debug|Any CPU
		{0E9A84BA-A555-4001-B6FA-0EDCD45A58E0}.Debug|Any CPU.Build.0 = Debug|Any CPU
		{0E9A84BA-A555-4001-B6FA-0EDCD45A58E0}.Release|Any CPU.ActiveCfg = Release|Any CPU
		{0E9A84BA-A555-4001-B6FA-0EDCD45A58E0}.Release|Any CPU.Build.0 = Release|Any CPU
		{6EE9C205-44B0-41A0-9520-EAE4A6D4BB07}.Debug|Any CPU.ActiveCfg = Debug|Any CPU
		{6EE9C205-44B0-41A0-9520-EAE4A6D4BB07}.Debug|Any CPU.Build.0 = Debug|Any CPU
		{6EE9C205-44B0-41A0-9520-EAE4A6D4BB07}.Release|Any CPU.ActiveCfg = Release|Any CPU
		{6EE9C205-44B0-41A0-9520-EAE4A6D4BB07}.Release|Any CPU.Build.0 = Release|Any CPU
		{3329D950-476D-4FD1-ABC3-4AE83DA178AD}.Debug|Any CPU.ActiveCfg = Debug|Any CPU
		{3329D950-476D-4FD1-ABC3-4AE83DA178AD}.Debug|Any CPU.Build.0 = Debug|Any CPU
		{3329D950-476D-4FD1-ABC3-4AE83DA178AD}.Release|Any CPU.ActiveCfg = Release|Any CPU
		{3329D950-476D-4FD1-ABC3-4AE83DA178AD}.Release|Any CPU.Build.0 = Release|Any CPU
		{E7EEE3B8-D5DF-44F2-AF93-71CA4C189388}.Debug|Any CPU.ActiveCfg = Debug|Any CPU
		{E7EEE3B8-D5DF-44F2-AF93-71CA4C189388}.Debug|Any CPU.Build.0 = Debug|Any CPU
		{E7EEE3B8-D5DF-44F2-AF93-71CA4C189388}.Release|Any CPU.ActiveCfg = Release|Any CPU
		{E7EEE3B8-D5DF-44F2-AF93-71CA4C189388}.Release|Any CPU.Build.0 = Release|Any CPU
		{1E7AB6F0-C4FC-4FB3-9A0A-A7E98156EE6E}.Debug|Any CPU.ActiveCfg = Debug|Any CPU
		{1E7AB6F0-C4FC-4FB3-9A0A-A7E98156EE6E}.Debug|Any CPU.Build.0 = Debug|Any CPU
		{1E7AB6F0-C4FC-4FB3-9A0A-A7E98156EE6E}.Release|Any CPU.ActiveCfg = Release|Any CPU
		{1E7AB6F0-C4FC-4FB3-9A0A-A7E98156EE6E}.Release|Any CPU.Build.0 = Release|Any CPU
		{91F519E5-7394-4A76-8775-91584DB16F4E}.Debug|Any CPU.ActiveCfg = Debug|Any CPU
		{91F519E5-7394-4A76-8775-91584DB16F4E}.Debug|Any CPU.Build.0 = Debug|Any CPU
		{91F519E5-7394-4A76-8775-91584DB16F4E}.Release|Any CPU.ActiveCfg = Release|Any CPU
		{91F519E5-7394-4A76-8775-91584DB16F4E}.Release|Any CPU.Build.0 = Release|Any CPU
		{206DFD80-2E65-4E6F-BC56-A27008AA3636}.Debug|Any CPU.ActiveCfg = Debug|Any CPU
		{206DFD80-2E65-4E6F-BC56-A27008AA3636}.Debug|Any CPU.Build.0 = Debug|Any CPU
		{206DFD80-2E65-4E6F-BC56-A27008AA3636}.Release|Any CPU.ActiveCfg = Release|Any CPU
		{206DFD80-2E65-4E6F-BC56-A27008AA3636}.Release|Any CPU.Build.0 = Release|Any CPU
		{F9CABDFA-AFA9-43EE-A44C-AA6C280B031D}.Debug|Any CPU.ActiveCfg = Debug|Any CPU
		{F9CABDFA-AFA9-43EE-A44C-AA6C280B031D}.Debug|Any CPU.Build.0 = Debug|Any CPU
		{F9CABDFA-AFA9-43EE-A44C-AA6C280B031D}.Release|Any CPU.ActiveCfg = Release|Any CPU
		{F9CABDFA-AFA9-43EE-A44C-AA6C280B031D}.Release|Any CPU.Build.0 = Release|Any CPU
		{215BFDE4-3247-49D0-AFD7-928FBA5FD19C}.Debug|Any CPU.ActiveCfg = Debug|Any CPU
		{215BFDE4-3247-49D0-AFD7-928FBA5FD19C}.Debug|Any CPU.Build.0 = Debug|Any CPU
		{215BFDE4-3247-49D0-AFD7-928FBA5FD19C}.Release|Any CPU.ActiveCfg = Release|Any CPU
		{215BFDE4-3247-49D0-AFD7-928FBA5FD19C}.Release|Any CPU.Build.0 = Release|Any CPU
		{B9B23105-B9C2-4455-8BF8-BAF227C61812}.Debug|Any CPU.ActiveCfg = Debug|Any CPU
		{B9B23105-B9C2-4455-8BF8-BAF227C61812}.Debug|Any CPU.Build.0 = Debug|Any CPU
		{B9B23105-B9C2-4455-8BF8-BAF227C61812}.Release|Any CPU.ActiveCfg = Release|Any CPU
		{B9B23105-B9C2-4455-8BF8-BAF227C61812}.Release|Any CPU.Build.0 = Release|Any CPU
		{C74B96E8-C963-428A-BC32-17CD35DA3380}.Debug|Any CPU.ActiveCfg = Debug|Any CPU
		{C74B96E8-C963-428A-BC32-17CD35DA3380}.Debug|Any CPU.Build.0 = Debug|Any CPU
		{C74B96E8-C963-428A-BC32-17CD35DA3380}.Release|Any CPU.ActiveCfg = Release|Any CPU
		{C74B96E8-C963-428A-BC32-17CD35DA3380}.Release|Any CPU.Build.0 = Release|Any CPU
		{51006A9C-BC7D-4111-B77E-5D0BC42A52E8}.Debug|Any CPU.ActiveCfg = Debug|Any CPU
		{51006A9C-BC7D-4111-B77E-5D0BC42A52E8}.Debug|Any CPU.Build.0 = Debug|Any CPU
		{51006A9C-BC7D-4111-B77E-5D0BC42A52E8}.Release|Any CPU.ActiveCfg = Release|Any CPU
		{51006A9C-BC7D-4111-B77E-5D0BC42A52E8}.Release|Any CPU.Build.0 = Release|Any CPU
		{878FC912-AB9C-4C2A-B2AC-248E3909C30D}.Debug|Any CPU.ActiveCfg = Debug|Any CPU
		{878FC912-AB9C-4C2A-B2AC-248E3909C30D}.Debug|Any CPU.Build.0 = Debug|Any CPU
		{878FC912-AB9C-4C2A-B2AC-248E3909C30D}.Release|Any CPU.ActiveCfg = Release|Any CPU
		{878FC912-AB9C-4C2A-B2AC-248E3909C30D}.Release|Any CPU.Build.0 = Release|Any CPU
		{4474F67D-CE82-4714-84D8-314754C6E115}.Debug|Any CPU.ActiveCfg = Debug|Any CPU
		{4474F67D-CE82-4714-84D8-314754C6E115}.Debug|Any CPU.Build.0 = Debug|Any CPU
		{4474F67D-CE82-4714-84D8-314754C6E115}.Release|Any CPU.ActiveCfg = Release|Any CPU
		{4474F67D-CE82-4714-84D8-314754C6E115}.Release|Any CPU.Build.0 = Release|Any CPU
		{EABD6B55-3881-431C-8855-49306943D940}.Debug|Any CPU.ActiveCfg = Debug|Any CPU
		{EABD6B55-3881-431C-8855-49306943D940}.Debug|Any CPU.Build.0 = Debug|Any CPU
		{EABD6B55-3881-431C-8855-49306943D940}.Release|Any CPU.ActiveCfg = Release|Any CPU
		{EABD6B55-3881-431C-8855-49306943D940}.Release|Any CPU.Build.0 = Release|Any CPU
		{229ADD12-CC2D-427B-909E-AA863C20A966}.Debug|Any CPU.ActiveCfg = Debug|Any CPU
		{229ADD12-CC2D-427B-909E-AA863C20A966}.Debug|Any CPU.Build.0 = Debug|Any CPU
		{229ADD12-CC2D-427B-909E-AA863C20A966}.Release|Any CPU.ActiveCfg = Release|Any CPU
		{229ADD12-CC2D-427B-909E-AA863C20A966}.Release|Any CPU.Build.0 = Release|Any CPU
		{2BFCC75A-54FB-447E-80E8-AFA0F6AFD2B3}.Debug|Any CPU.ActiveCfg = Debug|Any CPU
		{2BFCC75A-54FB-447E-80E8-AFA0F6AFD2B3}.Debug|Any CPU.Build.0 = Debug|Any CPU
		{2BFCC75A-54FB-447E-80E8-AFA0F6AFD2B3}.Release|Any CPU.ActiveCfg = Release|Any CPU
		{2BFCC75A-54FB-447E-80E8-AFA0F6AFD2B3}.Release|Any CPU.Build.0 = Release|Any CPU
		{8A7A4F0F-24F7-4712-940A-EE59C02217B6}.Debug|Any CPU.ActiveCfg = Debug|Any CPU
		{8A7A4F0F-24F7-4712-940A-EE59C02217B6}.Debug|Any CPU.Build.0 = Debug|Any CPU
		{8A7A4F0F-24F7-4712-940A-EE59C02217B6}.Release|Any CPU.ActiveCfg = Release|Any CPU
		{8A7A4F0F-24F7-4712-940A-EE59C02217B6}.Release|Any CPU.Build.0 = Release|Any CPU
		{D62EEB6C-772C-407E-BB71-1345CC37AC55}.Debug|Any CPU.ActiveCfg = Debug|Any CPU
		{D62EEB6C-772C-407E-BB71-1345CC37AC55}.Debug|Any CPU.Build.0 = Debug|Any CPU
		{D62EEB6C-772C-407E-BB71-1345CC37AC55}.Release|Any CPU.ActiveCfg = Release|Any CPU
		{D62EEB6C-772C-407E-BB71-1345CC37AC55}.Release|Any CPU.Build.0 = Release|Any CPU
		{E9C5786E-C15D-CE1D-AD05-253189B5BBA4}.Debug|Any CPU.ActiveCfg = Debug|Any CPU
		{E9C5786E-C15D-CE1D-AD05-253189B5BBA4}.Debug|Any CPU.Build.0 = Debug|Any CPU
		{E9C5786E-C15D-CE1D-AD05-253189B5BBA4}.Release|Any CPU.ActiveCfg = Release|Any CPU
		{E9C5786E-C15D-CE1D-AD05-253189B5BBA4}.Release|Any CPU.Build.0 = Release|Any CPU
	EndGlobalSection
	GlobalSection(SolutionProperties) = preSolution
		HideSolutionNode = FALSE
	EndGlobalSection
	GlobalSection(NestedProjects) = preSolution
		{0E9A84BA-A555-4001-B6FA-0EDCD45A58E0} = {DBC6FB35-5EB3-4057-A28A-AB55BB5A6DA5}
		{6EE9C205-44B0-41A0-9520-EAE4A6D4BB07} = {CB3A8810-9E19-4168-B5EA-5B45923158F1}
		{3329D950-476D-4FD1-ABC3-4AE83DA178AD} = {CB3A8810-9E19-4168-B5EA-5B45923158F1}
		{E7EEE3B8-D5DF-44F2-AF93-71CA4C189388} = {CB3A8810-9E19-4168-B5EA-5B45923158F1}
		{02EA681E-C7D8-13C7-8484-4AC65E1B71E8} = {DBC6FB35-5EB3-4057-A28A-AB55BB5A6DA5}
		{1E7AB6F0-C4FC-4FB3-9A0A-A7E98156EE6E} = {02EA681E-C7D8-13C7-8484-4AC65E1B71E8}
		{91F519E5-7394-4A76-8775-91584DB16F4E} = {02EA681E-C7D8-13C7-8484-4AC65E1B71E8}
		{206DFD80-2E65-4E6F-BC56-A27008AA3636} = {02EA681E-C7D8-13C7-8484-4AC65E1B71E8}
		{F9CABDFA-AFA9-43EE-A44C-AA6C280B031D} = {02EA681E-C7D8-13C7-8484-4AC65E1B71E8}
		{215BFDE4-3247-49D0-AFD7-928FBA5FD19C} = {02EA681E-C7D8-13C7-8484-4AC65E1B71E8}
		{B9B23105-B9C2-4455-8BF8-BAF227C61812} = {02EA681E-C7D8-13C7-8484-4AC65E1B71E8}
		{C74B96E8-C963-428A-BC32-17CD35DA3380} = {02EA681E-C7D8-13C7-8484-4AC65E1B71E8}
		{51006A9C-BC7D-4111-B77E-5D0BC42A52E8} = {02EA681E-C7D8-13C7-8484-4AC65E1B71E8}
		{878FC912-AB9C-4C2A-B2AC-248E3909C30D} = {02EA681E-C7D8-13C7-8484-4AC65E1B71E8}
		{4474F67D-CE82-4714-84D8-314754C6E115} = {02EA681E-C7D8-13C7-8484-4AC65E1B71E8}
		{EABD6B55-3881-431C-8855-49306943D940} = {02EA681E-C7D8-13C7-8484-4AC65E1B71E8}
		{229ADD12-CC2D-427B-909E-AA863C20A966} = {02EA681E-C7D8-13C7-8484-4AC65E1B71E8}
		{2BFCC75A-54FB-447E-80E8-AFA0F6AFD2B3} = {02EA681E-C7D8-13C7-8484-4AC65E1B71E8}
		{8A7A4F0F-24F7-4712-940A-EE59C02217B6} = {02EA681E-C7D8-13C7-8484-4AC65E1B71E8}
		{D62EEB6C-772C-407E-BB71-1345CC37AC55} = {02EA681E-C7D8-13C7-8484-4AC65E1B71E8}
		{E9C5786E-C15D-CE1D-AD05-253189B5BBA4} = {02EA681E-C7D8-13C7-8484-4AC65E1B71E8}
	EndGlobalSection
	GlobalSection(ExtensibilityGlobals) = postSolution
		SolutionGuid = {126013D3-68F2-4915-A284-E0056A565CE6}
	EndGlobalSection
EndGlobal
