
Microsoft Visual Studio Solution File, Format Version 12.00
# Visual Studio Version 17
VisualStudioVersion = 17.3.32611.2
MinimumVisualStudioVersion = 10.0.40219.1
Project("{2150E333-8FDC-42A3-9474-1A3956D46DE8}") = "BCH", "BCH", "{DBC6FB35-5EB3-4057-A28A-AB55BB5A6DA5}"
EndProject
Project("{2150E333-8FDC-42A3-9474-1A3956D46DE8}") = "Tests", "Tests", "{CB3A8810-9E19-4168-B5EA-5B45923158F1}"
EndProject
Project("{9A19103F-16F7-4668-BE54-9A1E7A4F7556}") = "BlazorComponentHeap.TestApp", "Tests\BlazorComponentHeap.TestApp\BlazorComponentHeap.TestApp.csproj", "{6EE9C205-44B0-41A0-9520-EAE4A6D4BB07}"
EndProject
Project("{9A19103F-16F7-4668-BE54-9A1E7A4F7556}") = "BlazorComponentHeap.TestAppServer", "Tests\BlazorComponentHeap.TestAppServer\BlazorComponentHeap.TestAppServer.csproj", "{3329D950-476D-4FD1-ABC3-4AE83DA178AD}"
EndProject
Project("{9A19103F-16F7-4668-BE54-9A1E7A4F7556}") = "BlazorComponentHeap.TestAppMAUI", "Tests\BlazorComponentHeap.TestAppMAUI\BlazorComponentHeap.TestAppMAUI.csproj", "{E7EEE3B8-D5DF-44F2-AF93-71CA4C189388}"
EndProject
Project("{2150E333-8FDC-42A3-9474-1A3956D46DE8}") = "Components", "Components", "{02EA681E-C7D8-13C7-8484-4AC65E1B71E8}"
EndProject
Project("{FAE04EC0-301F-11D3-BF4B-00C04F79EFBC}") = "Bch.Components.Modal", "BCH\Components\Bch.Components.Modal\Bch.Components.Modal.csproj", "{1E7AB6F0-C4FC-4FB3-9A0A-A7E98156EE6E}"
EndProject
Project("{FAE04EC0-301F-11D3-BF4B-00C04F79EFBC}") = "Bch.Components.Select", "BCH\Components\Bch.Components.Select\Bch.Components.Select.csproj", "{91F519E5-7394-4A76-8775-91584DB16F4E}"
EndProject
Project("{FAE04EC0-301F-11D3-BF4B-00C04F79EFBC}") = "Bch.Components.Calendar", "BCH\Components\Bch.Components.Calendar\Bch.Components.Calendar.csproj", "{206DFD80-2E65-4E6F-BC56-A27008AA3636}"
EndProject
Project("{FAE04EC0-301F-11D3-BF4B-00C04F79EFBC}") = "Bch.Components.Cropper", "BCH\Components\Bch.Components.Cropper\Bch.Components.Cropper.csproj", "{F9CABDFA-AFA9-43EE-A44C-AA6C280B031D}"
EndProject
Project("{FAE04EC0-301F-11D3-BF4B-00C04F79EFBC}") = "Bch.Components.DraggingModal", "BCH\Components\Bch.Components.DraggingModal\Bch.Components.DraggingModal.csproj", "{215BFDE4-3247-49D0-AFD7-928FBA5FD19C}"
EndProject
Project("{FAE04EC0-301F-11D3-BF4B-00C04F79EFBC}") = "Bch.Components.ExpandMenu", "BCH\Components\Bch.Components.ExpandMenu\Bch.Components.ExpandMenu.csproj", "{B9B23105-B9C2-4455-8BF8-BAF227C61812}"
EndProject
Project("{FAE04EC0-301F-11D3-BF4B-00C04F79EFBC}") = "Bch.Components.ImageCropper", "BCH\Components\Bch.Components.ImageCropper\Bch.Components.ImageCropper.csproj", "{C74B96E8-C963-428A-BC32-17CD35DA3380}"
EndProject
Project("{FAE04EC0-301F-11D3-BF4B-00C04F79EFBC}") = "Bch.Components.RadioButton", "BCH\Components\Bch.Components.RadioButton\Bch.Components.RadioButton.csproj", "{51006A9C-BC7D-4111-B77E-5D0BC42A52E8}"
EndProject
Project("{FAE04EC0-301F-11D3-BF4B-00C04F79EFBC}") = "Bch.Components.RangeCalendar", "BCH\Components\Bch.Components.RangeCalendar\Bch.Components.RangeCalendar.csproj", "{878FC912-AB9C-4C2A-B2AC-248E3909C30D}"
EndProject
Project("{FAE04EC0-301F-11D3-BF4B-00C04F79EFBC}") = "Bch.Components.Range", "BCH\Components\Bch.Components.Range\Bch.Components.Range.csproj", "{4474F67D-CE82-4714-84D8-314754C6E115}"
EndProject
Project("{FAE04EC0-301F-11D3-BF4B-00C04F79EFBC}") = "Bch.Components.Scheduler", "BCH\Components\Bch.Components.Scheduler\Bch.Components.Scheduler.csproj", "{EABD6B55-3881-431C-8855-49306943D940}"
EndProject
Project("{FAE04EC0-301F-11D3-BF4B-00C04F79EFBC}") = "Bch.Components.Slider", "BCH\Components\Bch.Components.Slider\Bch.Components.Slider.csproj", "{229ADD12-CC2D-427B-909E-AA863C20A966}"
EndProject
Project("{FAE04EC0-301F-11D3-BF4B-00C04F79EFBC}") = "Bch.Components.Table", "BCH\Components\Bch.Components.Table\Bch.Components.Table.csproj", "{2BFCC75A-54FB-447E-80E8-AFA0F6AFD2B3}"
EndProject
Project("{FAE04EC0-301F-11D3-BF4B-00C04F79EFBC}") = "Bch.Components.Tabs", "BCH\Components\Bch.Components.Tabs\Bch.Components.Tabs.csproj", "{8A7A4F0F-24F7-4712-940A-EE59C02217B6}"
EndProject
Project("{FAE04EC0-301F-11D3-BF4B-00C04F79EFBC}") = "Bch.Components.Toggle", "BCH\Components\Bch.Components.Toggle\Bch.Components.Toggle.csproj", "{D62EEB6C-772C-407E-BB71-1345CC37AC55}"
EndProject
Project("{FAE04EC0-301F-11D3-BF4B-00C04F79EFBC}") = "Bch.Components.Zoom", "BCH\Components\Bch.Components.Zoom\Bch.Components.Zoom.csproj", "{E9C5786E-C15D-CE1D-AD05-253189B5BBA4}"
EndProject
Project("{FAE04EC0-301F-11D3-BF4B-00C04F79EFBC}") = "Bch.Components.InputFile", "BCH\Components\Bch.Components.InputFile\Bch.Components.InputFile.csproj", "{6BFAE09E-424E-417D-8B8A-DD94C9612D8E}"
EndProject
Project("{2150E333-8FDC-42A3-9474-1A3956D46DE8}") = "Modules", "Modules", "{8A867CD5-5250-4BBC-AA10-84FDA3FF202B}"
EndProject
Project("{32E662EC-AE83-409D-8729-8107D8437382}") = "Bch.Modules.Files", "BCH\Modules\Bch.Modules.Files\Bch.Modules.Files.csproj", "{95462481-BEA0-4DFF-8398-52F69953A355}"
EndProject
Project("{FAE04EC0-301F-11D3-BF4B-00C04F79EFBC}") = "Bch.Modules.GlobalEvents", "BCH\Modules\Bch.Modules.GlobalEvents\Bch.Modules.GlobalEvents.csproj", "{54630B3A-4748-4BF9-826B-49BB6E6A7FD0}"
EndProject
Project("{FAE04EC0-301F-11D3-BF4B-00C04F79EFBC}") = "Bch.Modules.DomInterop", "BCH\Modules\Bch.Modules.DomInterop\Bch.Modules.DomInterop.csproj", "{9C0FE5F9-66D8-433B-AB30-781B867A6E13}"
EndProject
Project("{FAE04EC0-301F-11D3-BF4B-00C04F79EFBC}") = "Bch.Modules.Storage", "BCH\Modules\Bch.Modules.Storage\Bch.Modules.Storage.csproj", "{60F49CBA-8BF2-4CE3-A4B3-8F1BBBB58381}"
EndProject
Project("{FAE04EC0-301F-11D3-BF4B-00C04F79EFBC}") = "Bch.Modules.Themes", "BCH\Modules\Bch.Modules.Themes\Bch.Modules.Themes.csproj", "{ABB66D17-F451-4143-AD76-F330D6554554}"
EndProject
Project("{FAE04EC0-301F-11D3-BF4B-00C04F79EFBC}") = "Bch.Modules.Maths", "BCH\Modules\Bch.Modules.Maths\Bch.Modules.Maths.csproj", "{F4CC9C2E-0F1B-449E-83B4-AB14E90FF065}"
EndProject
Project("{FAE04EC0-301F-11D3-BF4B-00C04F79EFBC}") = "Bch.Components.FileDrop", "BCH\Components\Bch.Components.FileDrop\Bch.Components.FileDrop.csproj", "{6D801B36-4F81-4045-81A6-6499A5485C7C}"
EndProject
Project("{2150E333-8FDC-42A3-9474-1A3956D46DE8}") = "Integration", "Integration", "{76F359BB-7CAE-440A-9231-C0A089E5FB50}"
EndProject
Project("{FAE04EC0-301F-11D3-BF4B-00C04F79EFBC}") = "Bch.Integration.Pages", "Tests\Integration\Bch.Integration.Pages\Bch.Integration.Pages.csproj", "{59F4EB33-ADBC-47E2-9680-AA4D98FDD788}"
EndProject
Project("{FAE04EC0-301F-11D3-BF4B-00C04F79EFBC}") = "Bch.Integration.Wasm", "Tests\Integration\Bch.Integration.Wasm\Bch.Integration.Wasm.csproj", "{9A8F5F90-D5F9-4128-928D-E30F8417715B}"
EndProject
Global
	GlobalSection(SolutionConfigurationPlatforms) = preSolution
		Debug|Any CPU = Debug|Any CPU
		Release|Any CPU = Release|Any CPU
	EndGlobalSection
	GlobalSection(ProjectConfigurationPlatforms) = postSolution
		{6EE9C205-44B0-41A0-9520-EAE4A6D4BB07}.Debug|Any CPU.ActiveCfg = Debug|Any CPU
		{6EE9C205-44B0-41A0-9520-EAE4A6D4BB07}.Debug|Any CPU.Build.0 = Debug|Any CPU
		{6EE9C205-44B0-41A0-9520-EAE4A6D4BB07}.Release|Any CPU.ActiveCfg = Release|Any CPU
		{6EE9C205-44B0-41A0-9520-EAE4A6D4BB07}.Release|Any CPU.Build.0 = Release|Any CPU
		{3329D950-476D-4FD1-ABC3-4AE83DA178AD}.Debug|Any CPU.ActiveCfg = Debug|Any CPU
		{3329D950-476D-4FD1-ABC3-4AE83DA178AD}.Debug|Any CPU.Build.0 = Debug|Any CPU
		{3329D950-476D-4FD1-ABC3-4AE83DA178AD}.Release|Any CPU.ActiveCfg = Release|Any CPU
		{3329D950-476D-4FD1-ABC3-4AE83DA178AD}.Release|Any CPU.Build.0 = Release|Any CPU
		{E7EEE3B8-D5DF-44F2-AF93-71CA4C189388}.Debug|Any CPU.ActiveCfg = Debug|Any CPU
		{E7EEE3B8-D5DF-44F2-AF93-71CA4C189388}.Debug|Any CPU.Build.0 = Debug|Any CPU
		{E7EEE3B8-D5DF-44F2-AF93-71CA4C189388}.Debug|Any CPU.Deploy.0 = Debug|Any CPU
		{E7EEE3B8-D5DF-44F2-AF93-71CA4C189388}.Release|Any CPU.ActiveCfg = Release|Any CPU
		{E7EEE3B8-D5DF-44F2-AF93-71CA4C189388}.Release|Any CPU.Build.0 = Release|Any CPU
		{E7EEE3B8-D5DF-44F2-AF93-71CA4C189388}.Release|Any CPU.Deploy.0 = Release|Any CPU
		{1E7AB6F0-C4FC-4FB3-9A0A-A7E98156EE6E}.Debug|Any CPU.ActiveCfg = Debug|Any CPU
		{1E7AB6F0-C4FC-4FB3-9A0A-A7E98156EE6E}.Debug|Any CPU.Build.0 = Debug|Any CPU
		{1E7AB6F0-C4FC-4FB3-9A0A-A7E98156EE6E}.Release|Any CPU.ActiveCfg = Release|Any CPU
		{1E7AB6F0-C4FC-4FB3-9A0A-A7E98156EE6E}.Release|Any CPU.Build.0 = Release|Any CPU
		{91F519E5-7394-4A76-8775-91584DB16F4E}.Debug|Any CPU.ActiveCfg = Debug|Any CPU
		{91F519E5-7394-4A76-8775-91584DB16F4E}.Debug|Any CPU.Build.0 = Debug|Any CPU
		{91F519E5-7394-4A76-8775-91584DB16F4E}.Release|Any CPU.ActiveCfg = Release|Any CPU
		{91F519E5-7394-4A76-8775-91584DB16F4E}.Release|Any CPU.Build.0 = Release|Any CPU
		{206DFD80-2E65-4E6F-BC56-A27008AA3636}.Debug|Any CPU.ActiveCfg = Debug|Any CPU
		{206DFD80-2E65-4E6F-BC56-A27008AA3636}.Debug|Any CPU.Build.0 = Debug|Any CPU
		{206DFD80-2E65-4E6F-BC56-A27008AA3636}.Release|Any CPU.ActiveCfg = Release|Any CPU
		{206DFD80-2E65-4E6F-BC56-A27008AA3636}.Release|Any CPU.Build.0 = Release|Any CPU
		{F9CABDFA-AFA9-43EE-A44C-AA6C280B031D}.Debug|Any CPU.ActiveCfg = Debug|Any CPU
		{F9CABDFA-AFA9-43EE-A44C-AA6C280B031D}.Debug|Any CPU.Build.0 = Debug|Any CPU
		{F9CABDFA-AFA9-43EE-A44C-AA6C280B031D}.Release|Any CPU.ActiveCfg = Release|Any CPU
		{F9CABDFA-AFA9-43EE-A44C-AA6C280B031D}.Release|Any CPU.Build.0 = Release|Any CPU
		{215BFDE4-3247-49D0-AFD7-928FBA5FD19C}.Debug|Any CPU.ActiveCfg = Debug|Any CPU
		{215BFDE4-3247-49D0-AFD7-928FBA5FD19C}.Debug|Any CPU.Build.0 = Debug|Any CPU
		{215BFDE4-3247-49D0-AFD7-928FBA5FD19C}.Release|Any CPU.ActiveCfg = Release|Any CPU
		{215BFDE4-3247-49D0-AFD7-928FBA5FD19C}.Release|Any CPU.Build.0 = Release|Any CPU
		{B9B23105-B9C2-4455-8BF8-BAF227C61812}.Debug|Any CPU.ActiveCfg = Debug|Any CPU
		{B9B23105-B9C2-4455-8BF8-BAF227C61812}.Debug|Any CPU.Build.0 = Debug|Any CPU
		{B9B23105-B9C2-4455-8BF8-BAF227C61812}.Release|Any CPU.ActiveCfg = Release|Any CPU
		{B9B23105-B9C2-4455-8BF8-BAF227C61812}.Release|Any CPU.Build.0 = Release|Any CPU
		{C74B96E8-C963-428A-BC32-17CD35DA3380}.Debug|Any CPU.ActiveCfg = Debug|Any CPU
		{C74B96E8-C963-428A-BC32-17CD35DA3380}.Debug|Any CPU.Build.0 = Debug|Any CPU
		{C74B96E8-C963-428A-BC32-17CD35DA3380}.Release|Any CPU.ActiveCfg = Release|Any CPU
		{C74B96E8-C963-428A-BC32-17CD35DA3380}.Release|Any CPU.Build.0 = Release|Any CPU
		{51006A9C-BC7D-4111-B77E-5D0BC42A52E8}.Debug|Any CPU.ActiveCfg = Debug|Any CPU
		{51006A9C-BC7D-4111-B77E-5D0BC42A52E8}.Debug|Any CPU.Build.0 = Debug|Any CPU
		{51006A9C-BC7D-4111-B77E-5D0BC42A52E8}.Release|Any CPU.ActiveCfg = Release|Any CPU
		{51006A9C-BC7D-4111-B77E-5D0BC42A52E8}.Release|Any CPU.Build.0 = Release|Any CPU
		{878FC912-AB9C-4C2A-B2AC-248E3909C30D}.Debug|Any CPU.ActiveCfg = Debug|Any CPU
		{878FC912-AB9C-4C2A-B2AC-248E3909C30D}.Debug|Any CPU.Build.0 = Debug|Any CPU
		{878FC912-AB9C-4C2A-B2AC-248E3909C30D}.Release|Any CPU.ActiveCfg = Release|Any CPU
		{878FC912-AB9C-4C2A-B2AC-248E3909C30D}.Release|Any CPU.Build.0 = Release|Any CPU
		{4474F67D-CE82-4714-84D8-314754C6E115}.Debug|Any CPU.ActiveCfg = Debug|Any CPU
		{4474F67D-CE82-4714-84D8-314754C6E115}.Debug|Any CPU.Build.0 = Debug|Any CPU
		{4474F67D-CE82-4714-84D8-314754C6E115}.Release|Any CPU.ActiveCfg = Release|Any CPU
		{4474F67D-CE82-4714-84D8-314754C6E115}.Release|Any CPU.Build.0 = Release|Any CPU
		{EABD6B55-3881-431C-8855-49306943D940}.Debug|Any CPU.ActiveCfg = Debug|Any CPU
		{EABD6B55-3881-431C-8855-49306943D940}.Debug|Any CPU.Build.0 = Debug|Any CPU
		{EABD6B55-3881-431C-8855-49306943D940}.Release|Any CPU.ActiveCfg = Release|Any CPU
		{EABD6B55-3881-431C-8855-49306943D940}.Release|Any CPU.Build.0 = Release|Any CPU
		{229ADD12-CC2D-427B-909E-AA863C20A966}.Debug|Any CPU.ActiveCfg = Debug|Any CPU
		{229ADD12-CC2D-427B-909E-AA863C20A966}.Debug|Any CPU.Build.0 = Debug|Any CPU
		{229ADD12-CC2D-427B-909E-AA863C20A966}.Release|Any CPU.ActiveCfg = Release|Any CPU
		{229ADD12-CC2D-427B-909E-AA863C20A966}.Release|Any CPU.Build.0 = Release|Any CPU
		{2BFCC75A-54FB-447E-80E8-AFA0F6AFD2B3}.Debug|Any CPU.ActiveCfg = Debug|Any CPU
		{2BFCC75A-54FB-447E-80E8-AFA0F6AFD2B3}.Debug|Any CPU.Build.0 = Debug|Any CPU
		{2BFCC75A-54FB-447E-80E8-AFA0F6AFD2B3}.Release|Any CPU.ActiveCfg = Release|Any CPU
		{2BFCC75A-54FB-447E-80E8-AFA0F6AFD2B3}.Release|Any CPU.Build.0 = Release|Any CPU
		{8A7A4F0F-24F7-4712-940A-EE59C02217B6}.Debug|Any CPU.ActiveCfg = Debug|Any CPU
		{8A7A4F0F-24F7-4712-940A-EE59C02217B6}.Debug|Any CPU.Build.0 = Debug|Any CPU
		{8A7A4F0F-24F7-4712-940A-EE59C02217B6}.Release|Any CPU.ActiveCfg = Release|Any CPU
		{8A7A4F0F-24F7-4712-940A-EE59C02217B6}.Release|Any CPU.Build.0 = Release|Any CPU
		{D62EEB6C-772C-407E-BB71-1345CC37AC55}.Debug|Any CPU.ActiveCfg = Debug|Any CPU
		{D62EEB6C-772C-407E-BB71-1345CC37AC55}.Debug|Any CPU.Build.0 = Debug|Any CPU
		{D62EEB6C-772C-407E-BB71-1345CC37AC55}.Release|Any CPU.ActiveCfg = Release|Any CPU
		{D62EEB6C-772C-407E-BB71-1345CC37AC55}.Release|Any CPU.Build.0 = Release|Any CPU
		{E9C5786E-C15D-CE1D-AD05-253189B5BBA4}.Debug|Any CPU.ActiveCfg = Debug|Any CPU
		{E9C5786E-C15D-CE1D-AD05-253189B5BBA4}.Debug|Any CPU.Build.0 = Debug|Any CPU
		{E9C5786E-C15D-CE1D-AD05-253189B5BBA4}.Release|Any CPU.ActiveCfg = Release|Any CPU
		{E9C5786E-C15D-CE1D-AD05-253189B5BBA4}.Release|Any CPU.Build.0 = Release|Any CPU
		{6BFAE09E-424E-417D-8B8A-DD94C9612D8E}.Debug|Any CPU.ActiveCfg = Debug|Any CPU
		{6BFAE09E-424E-417D-8B8A-DD94C9612D8E}.Debug|Any CPU.Build.0 = Debug|Any CPU
		{6BFAE09E-424E-417D-8B8A-DD94C9612D8E}.Release|Any CPU.ActiveCfg = Release|Any CPU
		{6BFAE09E-424E-417D-8B8A-DD94C9612D8E}.Release|Any CPU.Build.0 = Release|Any CPU
		{95462481-BEA0-4DFF-8398-52F69953A355}.Debug|Any CPU.ActiveCfg = Debug|Any CPU
		{95462481-BEA0-4DFF-8398-52F69953A355}.Debug|Any CPU.Build.0 = Debug|Any CPU
		{95462481-BEA0-4DFF-8398-52F69953A355}.Release|Any CPU.ActiveCfg = Release|Any CPU
		{95462481-BEA0-4DFF-8398-52F69953A355}.Release|Any CPU.Build.0 = Release|Any CPU
		{54630B3A-4748-4BF9-826B-49BB6E6A7FD0}.Debug|Any CPU.ActiveCfg = Debug|Any CPU
		{54630B3A-4748-4BF9-826B-49BB6E6A7FD0}.Debug|Any CPU.Build.0 = Debug|Any CPU
		{54630B3A-4748-4BF9-826B-49BB6E6A7FD0}.Release|Any CPU.ActiveCfg = Release|Any CPU
		{54630B3A-4748-4BF9-826B-49BB6E6A7FD0}.Release|Any CPU.Build.0 = Release|Any CPU
		{9C0FE5F9-66D8-433B-AB30-781B867A6E13}.Debug|Any CPU.ActiveCfg = Debug|Any CPU
		{9C0FE5F9-66D8-433B-AB30-781B867A6E13}.Debug|Any CPU.Build.0 = Debug|Any CPU
		{9C0FE5F9-66D8-433B-AB30-781B867A6E13}.Release|Any CPU.ActiveCfg = Release|Any CPU
		{9C0FE5F9-66D8-433B-AB30-781B867A6E13}.Release|Any CPU.Build.0 = Release|Any CPU
		{60F49CBA-8BF2-4CE3-A4B3-8F1BBBB58381}.Debug|Any CPU.ActiveCfg = Debug|Any CPU
		{60F49CBA-8BF2-4CE3-A4B3-8F1BBBB58381}.Debug|Any CPU.Build.0 = Debug|Any CPU
		{60F49CBA-8BF2-4CE3-A4B3-8F1BBBB58381}.Release|Any CPU.ActiveCfg = Release|Any CPU
		{60F49CBA-8BF2-4CE3-A4B3-8F1BBBB58381}.Release|Any CPU.Build.0 = Release|Any CPU
		{ABB66D17-F451-4143-AD76-F330D6554554}.Debug|Any CPU.ActiveCfg = Debug|Any CPU
		{ABB66D17-F451-4143-AD76-F330D6554554}.Debug|Any CPU.Build.0 = Debug|Any CPU
		{ABB66D17-F451-4143-AD76-F330D6554554}.Release|Any CPU.ActiveCfg = Release|Any CPU
		{ABB66D17-F451-4143-AD76-F330D6554554}.Release|Any CPU.Build.0 = Release|Any CPU
		{F4CC9C2E-0F1B-449E-83B4-AB14E90FF065}.Debug|Any CPU.ActiveCfg = Debug|Any CPU
		{F4CC9C2E-0F1B-449E-83B4-AB14E90FF065}.Debug|Any CPU.Build.0 = Debug|Any CPU
		{F4CC9C2E-0F1B-449E-83B4-AB14E90FF065}.Release|Any CPU.ActiveCfg = Release|Any CPU
		{F4CC9C2E-0F1B-449E-83B4-AB14E90FF065}.Release|Any CPU.Build.0 = Release|Any CPU
		{6D801B36-4F81-4045-81A6-6499A5485C7C}.Debug|Any CPU.ActiveCfg = Debug|Any CPU
		{6D801B36-4F81-4045-81A6-6499A5485C7C}.Debug|Any CPU.Build.0 = Debug|Any CPU
		{6D801B36-4F81-4045-81A6-6499A5485C7C}.Release|Any CPU.ActiveCfg = Release|Any CPU
		{6D801B36-4F81-4045-81A6-6499A5485C7C}.Release|Any CPU.Build.0 = Release|Any CPU
		{59F4EB33-ADBC-47E2-9680-AA4D98FDD788}.Debug|Any CPU.ActiveCfg = Debug|Any CPU
		{59F4EB33-ADBC-47E2-9680-AA4D98FDD788}.Debug|Any CPU.Build.0 = Debug|Any CPU
		{59F4EB33-ADBC-47E2-9680-AA4D98FDD788}.Release|Any CPU.ActiveCfg = Release|Any CPU
		{59F4EB33-ADBC-47E2-9680-AA4D98FDD788}.Release|Any CPU.Build.0 = Release|Any CPU
		{9A8F5F90-D5F9-4128-928D-E30F8417715B}.Debug|Any CPU.ActiveCfg = Debug|Any CPU
		{9A8F5F90-D5F9-4128-928D-E30F8417715B}.Debug|Any CPU.Build.0 = Debug|Any CPU
		{9A8F5F90-D5F9-4128-928D-E30F8417715B}.Release|Any CPU.ActiveCfg = Release|Any CPU
		{9A8F5F90-D5F9-4128-928D-E30F8417715B}.Release|Any CPU.Build.0 = Release|Any CPU
	EndGlobalSection
	GlobalSection(SolutionProperties) = preSolution
		HideSolutionNode = FALSE
	EndGlobalSection
	GlobalSection(NestedProjects) = preSolution
		{6EE9C205-44B0-41A0-9520-EAE4A6D4BB07} = {CB3A8810-9E19-4168-B5EA-5B45923158F1}
		{3329D950-476D-4FD1-ABC3-4AE83DA178AD} = {CB3A8810-9E19-4168-B5EA-5B45923158F1}
		{E7EEE3B8-D5DF-44F2-AF93-71CA4C189388} = {CB3A8810-9E19-4168-B5EA-5B45923158F1}
		{02EA681E-C7D8-13C7-8484-4AC65E1B71E8} = {DBC6FB35-5EB3-4057-A28A-AB55BB5A6DA5}
		{1E7AB6F0-C4FC-4FB3-9A0A-A7E98156EE6E} = {02EA681E-C7D8-13C7-8484-4AC65E1B71E8}
		{91F519E5-7394-4A76-8775-91584DB16F4E} = {02EA681E-C7D8-13C7-8484-4AC65E1B71E8}
		{206DFD80-2E65-4E6F-BC56-A27008AA3636} = {02EA681E-C7D8-13C7-8484-4AC65E1B71E8}
		{F9CABDFA-AFA9-43EE-A44C-AA6C280B031D} = {02EA681E-C7D8-13C7-8484-4AC65E1B71E8}
		{215BFDE4-3247-49D0-AFD7-928FBA5FD19C} = {02EA681E-C7D8-13C7-8484-4AC65E1B71E8}
		{B9B23105-B9C2-4455-8BF8-BAF227C61812} = {02EA681E-C7D8-13C7-8484-4AC65E1B71E8}
		{C74B96E8-C963-428A-BC32-17CD35DA3380} = {02EA681E-C7D8-13C7-8484-4AC65E1B71E8}
		{51006A9C-BC7D-4111-B77E-5D0BC42A52E8} = {02EA681E-C7D8-13C7-8484-4AC65E1B71E8}
		{878FC912-AB9C-4C2A-B2AC-248E3909C30D} = {02EA681E-C7D8-13C7-8484-4AC65E1B71E8}
		{4474F67D-CE82-4714-84D8-314754C6E115} = {02EA681E-C7D8-13C7-8484-4AC65E1B71E8}
		{EABD6B55-3881-431C-8855-49306943D940} = {02EA681E-C7D8-13C7-8484-4AC65E1B71E8}
		{229ADD12-CC2D-427B-909E-AA863C20A966} = {02EA681E-C7D8-13C7-8484-4AC65E1B71E8}
		{2BFCC75A-54FB-447E-80E8-AFA0F6AFD2B3} = {02EA681E-C7D8-13C7-8484-4AC65E1B71E8}
		{8A7A4F0F-24F7-4712-940A-EE59C02217B6} = {02EA681E-C7D8-13C7-8484-4AC65E1B71E8}
		{D62EEB6C-772C-407E-BB71-1345CC37AC55} = {02EA681E-C7D8-13C7-8484-4AC65E1B71E8}
		{E9C5786E-C15D-CE1D-AD05-253189B5BBA4} = {02EA681E-C7D8-13C7-8484-4AC65E1B71E8}
		{6BFAE09E-424E-417D-8B8A-DD94C9612D8E} = {02EA681E-C7D8-13C7-8484-4AC65E1B71E8}
		{8A867CD5-5250-4BBC-AA10-84FDA3FF202B} = {DBC6FB35-5EB3-4057-A28A-AB55BB5A6DA5}
		{95462481-BEA0-4DFF-8398-52F69953A355} = {8A867CD5-5250-4BBC-AA10-84FDA3FF202B}
		{54630B3A-4748-4BF9-826B-49BB6E6A7FD0} = {8A867CD5-5250-4BBC-AA10-84FDA3FF202B}
		{9C0FE5F9-66D8-433B-AB30-781B867A6E13} = {8A867CD5-5250-4BBC-AA10-84FDA3FF202B}
		{60F49CBA-8BF2-4CE3-A4B3-8F1BBBB58381} = {8A867CD5-5250-4BBC-AA10-84FDA3FF202B}
		{ABB66D17-F451-4143-AD76-F330D6554554} = {8A867CD5-5250-4BBC-AA10-84FDA3FF202B}
		{F4CC9C2E-0F1B-449E-83B4-AB14E90FF065} = {8A867CD5-5250-4BBC-AA10-84FDA3FF202B}
		{6D801B36-4F81-4045-81A6-6499A5485C7C} = {02EA681E-C7D8-13C7-8484-4AC65E1B71E8}
		{76F359BB-7CAE-440A-9231-C0A089E5FB50} = {CB3A8810-9E19-4168-B5EA-5B45923158F1}
		{59F4EB33-ADBC-47E2-9680-AA4D98FDD788} = {76F359BB-7CAE-440A-9231-C0A089E5FB50}
		{9A8F5F90-D5F9-4128-928D-E30F8417715B} = {76F359BB-7CAE-440A-9231-C0A089E5FB50}
	EndGlobalSection
	GlobalSection(ExtensibilityGlobals) = postSolution
		SolutionGuid = {126013D3-68F2-4915-A284-E0056A565CE6}
	EndGlobalSection
EndGlobal
